
Microsoft Visual Studio Solution File, Format Version 12.00
# Visual Studio 15
VisualStudioVersion = 15.0.27004.2002
MinimumVisualStudioVersion = 10.0.40219.1
Project("{FAE04EC0-301F-11D3-BF4B-00C04F79EFBC}") = "Pibble", "Pibble\Pibble.csproj", "{000B2900-5129-4BA8-8180-D53C3F4F1E62}"
EndProject
Global
	GlobalSection(SolutionConfigurationPlatforms) = preSolution
		Debug|Any CPU = Debug|Any CPU
		Release|Any CPU = Release|Any CPU
	EndGlobalSection
	GlobalSection(ProjectConfigurationPlatforms) = postSolution
		{000B2900-5129-4BA8-8180-D53C3F4F1E62}.Debug|Any CPU.ActiveCfg = Debug|Any CPU
		{000B2900-5129-4BA8-8180-D53C3F4F1E62}.Debug|Any CPU.Build.0 = Debug|Any CPU
		{000B2900-5129-4BA8-8180-D53C3F4F1E62}.Release|Any CPU.ActiveCfg = Release|Any CPU
		{000B2900-5129-4BA8-8180-D53C3F4F1E62}.Release|Any CPU.Build.0 = Release|Any CPU
	EndGlobalSection
	GlobalSection(SolutionProperties) = preSolution
		HideSolutionNode = FALSE
	EndGlobalSection
	GlobalSection(ExtensibilityGlobals) = postSolution
		SolutionGuid = {A6B5BD5F-C996-4A02-A72A-C0272D4CC10A}
	EndGlobalSection
EndGlobal
